// !$*UTF8*$!
{
	archiveVersion = 1;
	classes = {
	};
	objectVersion = 50;
	objects = {

/* Begin PBXBuildFile section */
		A4C5349A2629ED0400D3BA00 /* SwiftUIPhotoClassifierSampleApp.swift in Sources */ = {isa = PBXBuildFile; fileRef = A4C534992629ED0400D3BA00 /* SwiftUIPhotoClassifierSampleApp.swift */; };
		A4C5349C2629ED0400D3BA00 /* ContentView.swift in Sources */ = {isa = PBXBuildFile; fileRef = A4C5349B2629ED0400D3BA00 /* ContentView.swift */; };
		A4C5349E2629ED0400D3BA00 /* Assets.xcassets in Resources */ = {isa = PBXBuildFile; fileRef = A4C5349D2629ED0400D3BA00 /* Assets.xcassets */; };
		A4C534A12629ED0400D3BA00 /* Preview Assets.xcassets in Resources */ = {isa = PBXBuildFile; fileRef = A4C534A02629ED0400D3BA00 /* Preview Assets.xcassets */; };
		A4C534AA2629ED2C00D3BA00 /* MobileNetV2.mlmodel in Sources */ = {isa = PBXBuildFile; fileRef = A4C534A92629ED2C00D3BA00 /* MobileNetV2.mlmodel */; };
		A4C534AD2629ED6F00D3BA00 /* PhotoPicker.swift in Sources */ = {isa = PBXBuildFile; fileRef = A4C534AC2629ED6F00D3BA00 /* PhotoPicker.swift */; };
		A4C534B02629EDC900D3BA00 /* LibraryButton.swift in Sources */ = {isa = PBXBuildFile; fileRef = A4C534AF2629EDC900D3BA00 /* LibraryButton.swift */; };
		A4C534B42629EE8100D3BA00 /* PhotoFrame.swift in Sources */ = {isa = PBXBuildFile; fileRef = A4C534B32629EE8100D3BA00 /* PhotoFrame.swift */; };
		A4C534B72629EEFD00D3BA00 /* ImageClassifier.swift in Sources */ = {isa = PBXBuildFile; fileRef = A4C534B62629EEFD00D3BA00 /* ImageClassifier.swift */; };
/* End PBXBuildFile section */

/* Begin PBXFileReference section */
		A4C534962629ED0400D3BA00 /* SwiftUIPhotoClassifierSample.app */ = {isa = PBXFileReference; explicitFileType = wrapper.application; includeInIndex = 0; path = SwiftUIPhotoClassifierSample.app; sourceTree = BUILT_PRODUCTS_DIR; };
		A4C534992629ED0400D3BA00 /* SwiftUIPhotoClassifierSampleApp.swift */ = {isa = PBXFileReference; lastKnownFileType = sourcecode.swift; path = SwiftUIPhotoClassifierSampleApp.swift; sourceTree = "<group>"; };
		A4C5349B2629ED0400D3BA00 /* ContentView.swift */ = {isa = PBXFileReference; lastKnownFileType = sourcecode.swift; path = ContentView.swift; sourceTree = "<group>"; };
		A4C5349D2629ED0400D3BA00 /* Assets.xcassets */ = {isa = PBXFileReference; lastKnownFileType = folder.assetcatalog; path = Assets.xcassets; sourceTree = "<group>"; };
		A4C534A02629ED0400D3BA00 /* Preview Assets.xcassets */ = {isa = PBXFileReference; lastKnownFileType = folder.assetcatalog; path = "Preview Assets.xcassets"; sourceTree = "<group>"; };
		A4C534A22629ED0400D3BA00 /* Info.plist */ = {isa = PBXFileReference; lastKnownFileType = text.plist.xml; path = Info.plist; sourceTree = "<group>"; };
		A4C534A92629ED2C00D3BA00 /* MobileNetV2.mlmodel */ = {isa = PBXFileReference; lastKnownFileType = file.mlmodel; path = MobileNetV2.mlmodel; sourceTree = "<group>"; };
		A4C534AC2629ED6F00D3BA00 /* PhotoPicker.swift */ = {isa = PBXFileReference; lastKnownFileType = sourcecode.swift; path = PhotoPicker.swift; sourceTree = "<group>"; };
		A4C534AF2629EDC900D3BA00 /* LibraryButton.swift */ = {isa = PBXFileReference; lastKnownFileType = sourcecode.swift; path = LibraryButton.swift; sourceTree = "<group>"; };
		A4C534B32629EE8100D3BA00 /* PhotoFrame.swift */ = {isa = PBXFileReference; lastKnownFileType = sourcecode.swift; path = PhotoFrame.swift; sourceTree = "<group>"; };
		A4C534B62629EEFD00D3BA00 /* ImageClassifier.swift */ = {isa = PBXFileReference; lastKnownFileType = sourcecode.swift; path = ImageClassifier.swift; sourceTree = "<group>"; };
/* End PBXFileReference section */

/* Begin PBXFrameworksBuildPhase section */
		A4C534932629ED0400D3BA00 /* Frameworks */ = {
			isa = PBXFrameworksBuildPhase;
			buildActionMask = 2147483647;
			files = (
			);
			runOnlyForDeploymentPostprocessing = 0;
		};
/* End PBXFrameworksBuildPhase section */

/* Begin PBXGroup section */
		A4C5348D2629ED0300D3BA00 = {
			isa = PBXGroup;
			children = (
				A4C534982629ED0400D3BA00 /* SwiftUIPhotoClassifierSample */,
				A4C534972629ED0400D3BA00 /* Products */,
			);
			sourceTree = "<group>";
		};
		A4C534972629ED0400D3BA00 /* Products */ = {
			isa = PBXGroup;
			children = (
				A4C534962629ED0400D3BA00 /* SwiftUIPhotoClassifierSample.app */,
			);
			name = Products;
			sourceTree = "<group>";
		};
		A4C534982629ED0400D3BA00 /* SwiftUIPhotoClassifierSample */ = {
			isa = PBXGroup;
			children = (
				A4C534992629ED0400D3BA00 /* SwiftUIPhotoClassifierSampleApp.swift */,
				A4C5349B2629ED0400D3BA00 /* ContentView.swift */,
				A4C534AF2629EDC900D3BA00 /* LibraryButton.swift */,
				A4C534B32629EE8100D3BA00 /* PhotoFrame.swift */,
				A4C534AC2629ED6F00D3BA00 /* PhotoPicker.swift */,
				A4C534B62629EEFD00D3BA00 /* ImageClassifier.swift */,
				A4C5349D2629ED0400D3BA00 /* Assets.xcassets */,
				A4C534A92629ED2C00D3BA00 /* MobileNetV2.mlmodel */,
				A4C534A22629ED0400D3BA00 /* Info.plist */,
				A4C5349F2629ED0400D3BA00 /* Preview Content */,
			);
			path = SwiftUIPhotoClassifierSample;
			sourceTree = "<group>";
		};
		A4C5349F2629ED0400D3BA00 /* Preview Content */ = {
			isa = PBXGroup;
			children = (
				A4C534A02629ED0400D3BA00 /* Preview Assets.xcassets */,
			);
			path = "Preview Content";
			sourceTree = "<group>";
		};
/* End PBXGroup section */

/* Begin PBXNativeTarget section */
		A4C534952629ED0400D3BA00 /* SwiftUIPhotoClassifierSample */ = {
			isa = PBXNativeTarget;
			buildConfigurationList = A4C534A52629ED0400D3BA00 /* Build configuration list for PBXNativeTarget "SwiftUIPhotoClassifierSample" */;
			buildPhases = (
				A4C534922629ED0400D3BA00 /* Sources */,
				A4C534932629ED0400D3BA00 /* Frameworks */,
				A4C534942629ED0400D3BA00 /* Resources */,
			);
			buildRules = (
			);
			dependencies = (
			);
			name = SwiftUIPhotoClassifierSample;
			productName = SwiftUIPhotoClassifierSample;
			productReference = A4C534962629ED0400D3BA00 /* SwiftUIPhotoClassifierSample.app */;
			productType = "com.apple.product-type.application";
		};
/* End PBXNativeTarget section */

/* Begin PBXProject section */
		A4C5348E2629ED0300D3BA00 /* Project object */ = {
			isa = PBXProject;
			attributes = {
				LastSwiftUpdateCheck = 1240;
				LastUpgradeCheck = 1240;
				TargetAttributes = {
					A4C534952629ED0400D3BA00 = {
						CreatedOnToolsVersion = 12.4;
					};
				};
			};
			buildConfigurationList = A4C534912629ED0300D3BA00 /* Build configuration list for PBXProject "SwiftUIPhotoClassifierSample" */;
			compatibilityVersion = "Xcode 9.3";
			developmentRegion = en;
			hasScannedForEncodings = 0;
			knownRegions = (
				en,
				Base,
			);
			mainGroup = A4C5348D2629ED0300D3BA00;
			productRefGroup = A4C534972629ED0400D3BA00 /* Products */;
			projectDirPath = "";
			projectRoot = "";
			targets = (
				A4C534952629ED0400D3BA00 /* SwiftUIPhotoClassifierSample */,
			);
		};
/* End PBXProject section */

/* Begin PBXResourcesBuildPhase section */
		A4C534942629ED0400D3BA00 /* Resources */ = {
			isa = PBXResourcesBuildPhase;
			buildActionMask = 2147483647;
			files = (
				A4C534A12629ED0400D3BA00 /* Preview Assets.xcassets in Resources */,
				A4C5349E2629ED0400D3BA00 /* Assets.xcassets in Resources */,
			);
			runOnlyForDeploymentPostprocessing = 0;
		};
/* End PBXResourcesBuildPhase section */

/* Begin PBXSourcesBuildPhase section */
		A4C534922629ED0400D3BA00 /* Sources */ = {
			isa = PBXSourcesBuildPhase;
			buildActionMask = 2147483647;
			files = (
				A4C534AD2629ED6F00D3BA00 /* PhotoPicker.swift in Sources */,
				A4C534AA2629ED2C00D3BA00 /* MobileNetV2.mlmodel in Sources */,
				A4C534B02629EDC900D3BA00 /* LibraryButton.swift in Sources */,
				A4C5349C2629ED0400D3BA00 /* ContentView.swift in Sources */,
				A4C534B42629EE8100D3BA00 /* PhotoFrame.swift in Sources */,
				A4C534B72629EEFD00D3BA00 /* ImageClassifier.swift in Sources */,
				A4C5349A2629ED0400D3BA00 /* SwiftUIPhotoClassifierSampleApp.swift in Sources */,
			);
			runOnlyForDeploymentPostprocessing = 0;
		};
/* End PBXSourcesBuildPhase section */

/* Begin XCBuildConfiguration section */
		A4C534A32629ED0400D3BA00 /* Debug */ = {
			isa = XCBuildConfiguration;
			buildSettings = {
				ALWAYS_SEARCH_USER_PATHS = NO;
				CLANG_ANALYZER_NONNULL = YES;
				CLANG_ANALYZER_NUMBER_OBJECT_CONVERSION = YES_AGGRESSIVE;
				CLANG_CXX_LANGUAGE_STANDARD = "gnu++14";
				CLANG_CXX_LIBRARY = "libc++";
				CLANG_ENABLE_MODULES = YES;
				CLANG_ENABLE_OBJC_ARC = YES;
				CLANG_ENABLE_OBJC_WEAK = YES;
				CLANG_WARN_BLOCK_CAPTURE_AUTORELEASING = YES;
				CLANG_WARN_BOOL_CONVERSION = YES;
				CLANG_WARN_COMMA = YES;
				CLANG_WARN_CONSTANT_CONVERSION = YES;
				CLANG_WARN_DEPRECATED_OBJC_IMPLEMENTATIONS = YES;
				CLANG_WARN_DIRECT_OBJC_ISA_USAGE = YES_ERROR;
				CLANG_WARN_DOCUMENTATION_COMMENTS = YES;
				CLANG_WARN_EMPTY_BODY = YES;
				CLANG_WARN_ENUM_CONVERSION = YES;
				CLANG_WARN_INFINITE_RECURSION = YES;
				CLANG_WARN_INT_CONVERSION = YES;
				CLANG_WARN_NON_LITERAL_NULL_CONVERSION = YES;
				CLANG_WARN_OBJC_IMPLICIT_RETAIN_SELF = YES;
				CLANG_WARN_OBJC_LITERAL_CONVERSION = YES;
				CLANG_WARN_OBJC_ROOT_CLASS = YES_ERROR;
				CLANG_WARN_QUOTED_INCLUDE_IN_FRAMEWORK_HEADER = YES;
				CLANG_WARN_RANGE_LOOP_ANALYSIS = YES;
				CLANG_WARN_STRICT_PROTOTYPES = YES;
				CLANG_WARN_SUSPICIOUS_MOVE = YES;
				CLANG_WARN_UNGUARDED_AVAILABILITY = YES_AGGRESSIVE;
				CLANG_WARN_UNREACHABLE_CODE = YES;
				CLANG_WARN__DUPLICATE_METHOD_MATCH = YES;
				COPY_PHASE_STRIP = NO;
				DEBUG_INFORMATION_FORMAT = dwarf;
				ENABLE_STRICT_OBJC_MSGSEND = YES;
				ENABLE_TESTABILITY = YES;
				GCC_C_LANGUAGE_STANDARD = gnu11;
				GCC_DYNAMIC_NO_PIC = NO;
				GCC_NO_COMMON_BLOCKS = YES;
				GCC_OPTIMIZATION_LEVEL = 0;
				GCC_PREPROCESSOR_DEFINITIONS = (
					"DEBUG=1",
					"$(inherited)",
				);
				GCC_WARN_64_TO_32_BIT_CONVERSION = YES;
				GCC_WARN_ABOUT_RETURN_TYPE = YES_ERROR;
				GCC_WARN_UNDECLARED_SELECTOR = YES;
				GCC_WARN_UNINITIALIZED_AUTOS = YES_AGGRESSIVE;
				GCC_WARN_UNUSED_FUNCTION = YES;
				GCC_WARN_UNUSED_VARIABLE = YES;
				IPHONEOS_DEPLOYMENT_TARGET = 14.4;
				MTL_ENABLE_DEBUG_INFO = INCLUDE_SOURCE;
				MTL_FAST_MATH = YES;
				ONLY_ACTIVE_ARCH = YES;
				SDKROOT = iphoneos;
				SWIFT_ACTIVE_COMPILATION_CONDITIONS = DEBUG;
				SWIFT_OPTIMIZATION_LEVEL = "-Onone";
			};
			name = Debug;
		};
		A4C534A42629ED0400D3BA00 /* Release */ = {
			isa = XCBuildConfiguration;
			buildSettings = {
				ALWAYS_SEARCH_USER_PATHS = NO;
				CLANG_ANALYZER_NONNULL = YES;
				CLANG_ANALYZER_NUMBER_OBJECT_CONVERSION = YES_AGGRESSIVE;
				CLANG_CXX_LANGUAGE_STANDARD = "gnu++14";
				CLANG_CXX_LIBRARY = "libc++";
				CLANG_ENABLE_MODULES = YES;
				CLANG_ENABLE_OBJC_ARC = YES;
				CLANG_ENABLE_OBJC_WEAK = YES;
				CLANG_WARN_BLOCK_CAPTURE_AUTORELEASING = YES;
				CLANG_WARN_BOOL_CONVERSION = YES;
				CLANG_WARN_COMMA = YES;
				CLANG_WARN_CONSTANT_CONVERSION = YES;
				CLANG_WARN_DEPRECATED_OBJC_IMPLEMENTATIONS = YES;
				CLANG_WARN_DIRECT_OBJC_ISA_USAGE = YES_ERROR;
				CLANG_WARN_DOCUMENTATION_COMMENTS = YES;
				CLANG_WARN_EMPTY_BODY = YES;
				CLANG_WARN_ENUM_CONVERSION = YES;
				CLANG_WARN_INFINITE_RECURSION = YES;
				CLANG_WARN_INT_CONVERSION = YES;
				CLANG_WARN_NON_LITERAL_NULL_CONVERSION = YES;
				CLANG_WARN_OBJC_IMPLICIT_RETAIN_SELF = YES;
				CLANG_WARN_OBJC_LITERAL_CONVERSION = YES;
				CLANG_WARN_OBJC_ROOT_CLASS = YES_ERROR;
				CLANG_WARN_QUOTED_INCLUDE_IN_FRAMEWORK_HEADER = YES;
				CLANG_WARN_RANGE_LOOP_ANALYSIS = YES;
				CLANG_WARN_STRICT_PROTOTYPES = YES;
				CLANG_WARN_SUSPICIOUS_MOVE = YES;
				CLANG_WARN_UNGUARDED_AVAILABILITY = YES_AGGRESSIVE;
				CLANG_WARN_UNREACHABLE_CODE = YES;
				CLANG_WARN__DUPLICATE_METHOD_MATCH = YES;
				COPY_PHASE_STRIP = NO;
				DEBUG_INFORMATION_FORMAT = "dwarf-with-dsym";
				ENABLE_NS_ASSERTIONS = NO;
				ENABLE_STRICT_OBJC_MSGSEND = YES;
				GCC_C_LANGUAGE_STANDARD = gnu11;
				GCC_NO_COMMON_BLOCKS = YES;
				GCC_WARN_64_TO_32_BIT_CONVERSION = YES;
				GCC_WARN_ABOUT_RETURN_TYPE = YES_ERROR;
				GCC_WARN_UNDECLARED_SELECTOR = YES;
				GCC_WARN_UNINITIALIZED_AUTOS = YES_AGGRESSIVE;
				GCC_WARN_UNUSED_FUNCTION = YES;
				GCC_WARN_UNUSED_VARIABLE = YES;
				IPHONEOS_DEPLOYMENT_TARGET = 14.4;
				MTL_ENABLE_DEBUG_INFO = NO;
				MTL_FAST_MATH = YES;
				SDKROOT = iphoneos;
				SWIFT_COMPILATION_MODE = wholemodule;
				SWIFT_OPTIMIZATION_LEVEL = "-O";
				VALIDATE_PRODUCT = YES;
			};
			name = Release;
		};
		A4C534A62629ED0400D3BA00 /* Debug */ = {
			isa = XCBuildConfiguration;
			buildSettings = {
				ASSETCATALOG_COMPILER_APPICON_NAME = AppIcon;
				ASSETCATALOG_COMPILER_GLOBAL_ACCENT_COLOR_NAME = AccentColor;
				CODE_SIGN_STYLE = Automatic;
				DEVELOPMENT_ASSET_PATHS = "\"SwiftUIPhotoClassifierSample/Preview Content\"";
				DEVELOPMENT_TEAM = 95B35WLDBN;
				ENABLE_PREVIEWS = YES;
				INFOPLIST_FILE = SwiftUIPhotoClassifierSample/Info.plist;
				IPHONEOS_DEPLOYMENT_TARGET = 14.0;
				LD_RUNPATH_SEARCH_PATHS = (
					"$(inherited)",
					"@executable_path/Frameworks",
				);
				PRODUCT_BUNDLE_IDENTIFIER = com.chino.SwiftUIPhotoClassifierSample;
				PRODUCT_NAME = "$(TARGET_NAME)";
				SWIFT_VERSION = 5.0;
				TARGETED_DEVICE_FAMILY = "1,2";
			};
			name = Debug;
		};
		A4C534A72629ED0400D3BA00 /* Release */ = {
			isa = XCBuildConfiguration;
			buildSettings = {
				ASSETCATALOG_COMPILER_APPICON_NAME = AppIcon;
				ASSETCATALOG_COMPILER_GLOBAL_ACCENT_COLOR_NAME = AccentColor;
				CODE_SIGN_STYLE = Automatic;
				DEVELOPMENT_ASSET_PATHS = "\"SwiftUIPhotoClassifierSample/Preview Content\"";
				DEVELOPMENT_TEAM = 95B35WLDBN;
				ENABLE_PREVIEWS = YES;
				INFOPLIST_FILE = SwiftUIPhotoClassifierSample/Info.plist;
				IPHONEOS_DEPLOYMENT_TARGET = 14.0;
				LD_RUNPATH_SEARCH_PATHS = (
					"$(inherited)",
					"@executable_path/Frameworks",
				);
				PRODUCT_BUNDLE_IDENTIFIER = com.chino.SwiftUIPhotoClassifierSample;
				PRODUCT_NAME = "$(TARGET_NAME)";
				SWIFT_VERSION = 5.0;
				TARGETED_DEVICE_FAMILY = "1,2";
			};
			name = Release;
		};
/* End XCBuildConfiguration section */

/* Begin XCConfigurationList section */
		A4C534912629ED0300D3BA00 /* Build configuration list for PBXProject "SwiftUIPhotoClassifierSample" */ = {
			isa = XCConfigurationList;
			buildConfigurations = (
				A4C534A32629ED0400D3BA00 /* Debug */,
				A4C534A42629ED0400D3BA00 /* Release */,
			);
			defaultConfigurationIsVisible = 0;
			defaultConfigurationName = Release;
		};
		A4C534A52629ED0400D3BA00 /* Build configuration list for PBXNativeTarget "SwiftUIPhotoClassifierSample" */ = {
			isa = XCConfigurationList;
			buildConfigurations = (
				A4C534A62629ED0400D3BA00 /* Debug */,
				A4C534A72629ED0400D3BA00 /* Release */,
			);
			defaultConfigurationIsVisible = 0;
			defaultConfigurationName = Release;
		};
/* End XCConfigurationList section */
	};
	rootObject = A4C5348E2629ED0300D3BA00 /* Project object */;
}
